// !$*UTF8*$!
{
	archiveVersion = 1;
	classes = {
	};
	objectVersion = 48;
	objects = {

/* Begin PBXBuildFile section */
		038365151A5A51D20081136D /* SecretBox.swift in Sources */ = {isa = PBXBuildFile; fileRef = 038365141A5A51D20081136D /* SecretBox.swift */; };
		091C7CDA1A507E95002E5351 /* ShortHash.swift in Sources */ = {isa = PBXBuildFile; fileRef = 091C7CD91A507E95002E5351 /* ShortHash.swift */; };
		091C7CDC1A50839D002E5351 /* Sign.swift in Sources */ = {isa = PBXBuildFile; fileRef = 091C7CDB1A50839D002E5351 /* Sign.swift */; };
		094298301EDDAA3B001236B1 /* Stream.swift in Sources */ = {isa = PBXBuildFile; fileRef = 0942982F1EDDAA3B001236B1 /* Stream.swift */; };
		094F21EA1A5017CA001C3141 /* Box.swift in Sources */ = {isa = PBXBuildFile; fileRef = 094F21E91A5017CA001C3141 /* Box.swift */; };
		095D80551A4ECCD7000B83F9 /* Sodium.swift in Sources */ = {isa = PBXBuildFile; fileRef = 095D80541A4ECCD7000B83F9 /* Sodium.swift */; };
		095D80571A4ED0B4000B83F9 /* GenericHash.swift in Sources */ = {isa = PBXBuildFile; fileRef = 095D80561A4ED0B4000B83F9 /* GenericHash.swift */; };
		095D805B1A4F35CA000B83F9 /* RandomBytes.swift in Sources */ = {isa = PBXBuildFile; fileRef = 095D805A1A4F35CA000B83F9 /* RandomBytes.swift */; };
		095D805D1A4F4F72000B83F9 /* Utils.swift in Sources */ = {isa = PBXBuildFile; fileRef = 095D805C1A4F4F72000B83F9 /* Utils.swift */; };
		097F20DA1AF127480088C2FE /* PWHash.swift in Sources */ = {isa = PBXBuildFile; fileRef = 097F20D91AF127480088C2FE /* PWHash.swift */; };
		09A5AC121F74466700D3200B /* SecretStream.swift in Sources */ = {isa = PBXBuildFile; fileRef = 09A5AC111F74466700D3200B /* SecretStream.swift */; };
		37E860022030F0A300FF51A4 /* libsodium-ios.a in Frameworks */ = {isa = PBXBuildFile; fileRef = 37E85FC22030F0A300FF51A4 /* libsodium-ios.a */; };
		37E860032030F0A400FF51A4 /* crypto_stream_salsa2012.h in Headers */ = {isa = PBXBuildFile; fileRef = 37E85FC42030F0A300FF51A4 /* crypto_stream_salsa2012.h */; };
		37E860042030F0A400FF51A4 /* crypto_auth.h in Headers */ = {isa = PBXBuildFile; fileRef = 37E85FC52030F0A300FF51A4 /* crypto_auth.h */; };
		37E860052030F0A400FF51A4 /* utils.h in Headers */ = {isa = PBXBuildFile; fileRef = 37E85FC62030F0A300FF51A4 /* utils.h */; };
		37E860062030F0A400FF51A4 /* crypto_core_hchacha20.h in Headers */ = {isa = PBXBuildFile; fileRef = 37E85FC72030F0A300FF51A4 /* crypto_core_hchacha20.h */; };
		37E860072030F0A400FF51A4 /* crypto_hash_sha512.h in Headers */ = {isa = PBXBuildFile; fileRef = 37E85FC82030F0A300FF51A4 /* crypto_hash_sha512.h */; };
		37E860082030F0A400FF51A4 /* core.h in Headers */ = {isa = PBXBuildFile; fileRef = 37E85FC92030F0A300FF51A4 /* core.h */; };
		37E860092030F0A400FF51A4 /* version.h in Headers */ = {isa = PBXBuildFile; fileRef = 37E85FCA2030F0A300FF51A4 /* version.h */; };
		37E8600A2030F0A400FF51A4 /* export.h in Headers */ = {isa = PBXBuildFile; fileRef = 37E85FCB2030F0A300FF51A4 /* export.h */; };
		37E8600B2030F0A400FF51A4 /* randombytes_salsa20_random.h in Headers */ = {isa = PBXBuildFile; fileRef = 37E85FCC2030F0A300FF51A4 /* randombytes_salsa20_random.h */; };
		37E8600C2030F0A400FF51A4 /* crypto_core_salsa20.h in Headers */ = {isa = PBXBuildFile; fileRef = 37E85FCD2030F0A300FF51A4 /* crypto_core_salsa20.h */; };
		37E8600D2030F0A400FF51A4 /* crypto_shorthash_siphash24.h in Headers */ = {isa = PBXBuildFile; fileRef = 37E85FCE2030F0A300FF51A4 /* crypto_shorthash_siphash24.h */; };
		37E8600E2030F0A400FF51A4 /* randombytes.h in Headers */ = {isa = PBXBuildFile; fileRef = 37E85FCF2030F0A300FF51A4 /* randombytes.h */; };
		37E8600F2030F0A400FF51A4 /* crypto_hash_sha256.h in Headers */ = {isa = PBXBuildFile; fileRef = 37E85FD02030F0A300FF51A4 /* crypto_hash_sha256.h */; };
		37E860102030F0A400FF51A4 /* crypto_stream.h in Headers */ = {isa = PBXBuildFile; fileRef = 37E85FD12030F0A300FF51A4 /* crypto_stream.h */; };
		37E860112030F0A400FF51A4 /* crypto_auth_hmacsha512.h in Headers */ = {isa = PBXBuildFile; fileRef = 37E85FD22030F0A300FF51A4 /* crypto_auth_hmacsha512.h */; };
		37E860122030F0A400FF51A4 /* crypto_aead_xchacha20poly1305.h in Headers */ = {isa = PBXBuildFile; fileRef = 37E85FD32030F0A300FF51A4 /* crypto_aead_xchacha20poly1305.h */; };
		37E860132030F0A400FF51A4 /* crypto_stream_salsa20.h in Headers */ = {isa = PBXBuildFile; fileRef = 37E85FD42030F0A300FF51A4 /* crypto_stream_salsa20.h */; };
		37E860142030F0A400FF51A4 /* crypto_onetimeauth_poly1305.h in Headers */ = {isa = PBXBuildFile; fileRef = 37E85FD52030F0A300FF51A4 /* crypto_onetimeauth_poly1305.h */; };
		37E860152030F0A400FF51A4 /* crypto_kx.h in Headers */ = {isa = PBXBuildFile; fileRef = 37E85FD62030F0A300FF51A4 /* crypto_kx.h */; };
		37E860162030F0A400FF51A4 /* crypto_hash.h in Headers */ = {isa = PBXBuildFile; fileRef = 37E85FD72030F0A300FF51A4 /* crypto_hash.h */; };
		37E860172030F0A400FF51A4 /* crypto_sign.h in Headers */ = {isa = PBXBuildFile; fileRef = 37E85FD82030F0A300FF51A4 /* crypto_sign.h */; };
		37E860182030F0A400FF51A4 /* crypto_kdf.h in Headers */ = {isa = PBXBuildFile; fileRef = 37E85FD92030F0A300FF51A4 /* crypto_kdf.h */; };
		37E860192030F0A400FF51A4 /* crypto_auth_hmacsha256.h in Headers */ = {isa = PBXBuildFile; fileRef = 37E85FDA2030F0A300FF51A4 /* crypto_auth_hmacsha256.h */; };
		37E8601A2030F0A400FF51A4 /* crypto_box.h in Headers */ = {isa = PBXBuildFile; fileRef = 37E85FDB2030F0A300FF51A4 /* crypto_box.h */; };
		37E8601B2030F0A400FF51A4 /* crypto_verify_32.h in Headers */ = {isa = PBXBuildFile; fileRef = 37E85FDC2030F0A300FF51A4 /* crypto_verify_32.h */; };
		37E8601C2030F0A400FF51A4 /* crypto_stream_xchacha20.h in Headers */ = {isa = PBXBuildFile; fileRef = 37E85FDD2030F0A300FF51A4 /* crypto_stream_xchacha20.h */; };
		37E8601D2030F0A400FF51A4 /* crypto_core_salsa208.h in Headers */ = {isa = PBXBuildFile; fileRef = 37E85FDE2030F0A300FF51A4 /* crypto_core_salsa208.h */; };
		37E8601E2030F0A400FF51A4 /* crypto_auth_hmacsha512256.h in Headers */ = {isa = PBXBuildFile; fileRef = 37E85FDF2030F0A300FF51A4 /* crypto_auth_hmacsha512256.h */; };
		37E8601F2030F0A400FF51A4 /* crypto_aead_chacha20poly1305.h in Headers */ = {isa = PBXBuildFile; fileRef = 37E85FE02030F0A300FF51A4 /* crypto_aead_chacha20poly1305.h */; };
		37E860202030F0A400FF51A4 /* randombytes_sysrandom.h in Headers */ = {isa = PBXBuildFile; fileRef = 37E85FE12030F0A300FF51A4 /* randombytes_sysrandom.h */; };
		37E860212030F0A400FF51A4 /* runtime.h in Headers */ = {isa = PBXBuildFile; fileRef = 37E85FE22030F0A300FF51A4 /* runtime.h */; };
		37E860222030F0A400FF51A4 /* crypto_stream_salsa208.h in Headers */ = {isa = PBXBuildFile; fileRef = 37E85FE32030F0A300FF51A4 /* crypto_stream_salsa208.h */; };
		37E860232030F0A400FF51A4 /* crypto_aead_aes256gcm.h in Headers */ = {isa = PBXBuildFile; fileRef = 37E85FE42030F0A300FF51A4 /* crypto_aead_aes256gcm.h */; };
		37E860242030F0A400FF51A4 /* crypto_core_salsa2012.h in Headers */ = {isa = PBXBuildFile; fileRef = 37E85FE52030F0A300FF51A4 /* crypto_core_salsa2012.h */; };
		37E860252030F0A400FF51A4 /* crypto_secretbox_xchacha20poly1305.h in Headers */ = {isa = PBXBuildFile; fileRef = 37E85FE62030F0A300FF51A4 /* crypto_secretbox_xchacha20poly1305.h */; };
		37E860262030F0A400FF51A4 /* crypto_scalarmult.h in Headers */ = {isa = PBXBuildFile; fileRef = 37E85FE72030F0A300FF51A4 /* crypto_scalarmult.h */; };
		37E860272030F0A400FF51A4 /* crypto_pwhash.h in Headers */ = {isa = PBXBuildFile; fileRef = 37E85FE82030F0A300FF51A4 /* crypto_pwhash.h */; };
		37E860282030F0A400FF51A4 /* crypto_verify_16.h in Headers */ = {isa = PBXBuildFile; fileRef = 37E85FE92030F0A300FF51A4 /* crypto_verify_16.h */; };
		37E860292030F0A400FF51A4 /* crypto_stream_chacha20.h in Headers */ = {isa = PBXBuildFile; fileRef = 37E85FEA2030F0A300FF51A4 /* crypto_stream_chacha20.h */; };
		37E8602A2030F0A400FF51A4 /* crypto_stream_xsalsa20.h in Headers */ = {isa = PBXBuildFile; fileRef = 37E85FEB2030F0A300FF51A4 /* crypto_stream_xsalsa20.h */; };
		37E8602B2030F0A400FF51A4 /* crypto_core_hsalsa20.h in Headers */ = {isa = PBXBuildFile; fileRef = 37E85FEC2030F0A300FF51A4 /* crypto_core_hsalsa20.h */; };
		37E8602C2030F0A400FF51A4 /* crypto_kdf_blake2b.h in Headers */ = {isa = PBXBuildFile; fileRef = 37E85FED2030F0A300FF51A4 /* crypto_kdf_blake2b.h */; };
		37E8602D2030F0A400FF51A4 /* crypto_scalarmult_curve25519.h in Headers */ = {isa = PBXBuildFile; fileRef = 37E85FEE2030F0A300FF51A4 /* crypto_scalarmult_curve25519.h */; };
		37E8602E2030F0A400FF51A4 /* crypto_shorthash.h in Headers */ = {isa = PBXBuildFile; fileRef = 37E85FEF2030F0A300FF51A4 /* crypto_shorthash.h */; };
		37E8602F2030F0A400FF51A4 /* crypto_pwhash_argon2id.h in Headers */ = {isa = PBXBuildFile; fileRef = 37E85FF02030F0A300FF51A4 /* crypto_pwhash_argon2id.h */; };
		37E860302030F0A400FF51A4 /* crypto_secretstream_xchacha20poly1305.h in Headers */ = {isa = PBXBuildFile; fileRef = 37E85FF12030F0A300FF51A4 /* crypto_secretstream_xchacha20poly1305.h */; };
		37E860312030F0A400FF51A4 /* crypto_pwhash_scryptsalsa208sha256.h in Headers */ = {isa = PBXBuildFile; fileRef = 37E85FF22030F0A300FF51A4 /* crypto_pwhash_scryptsalsa208sha256.h */; };
		37E860322030F0A400FF51A4 /* crypto_sign_ed25519.h in Headers */ = {isa = PBXBuildFile; fileRef = 37E85FF32030F0A300FF51A4 /* crypto_sign_ed25519.h */; };
		37E860332030F0A400FF51A4 /* crypto_onetimeauth.h in Headers */ = {isa = PBXBuildFile; fileRef = 37E85FF42030F0A300FF51A4 /* crypto_onetimeauth.h */; };
		37E860342030F0A400FF51A4 /* crypto_verify_64.h in Headers */ = {isa = PBXBuildFile; fileRef = 37E85FF52030F0A300FF51A4 /* crypto_verify_64.h */; };
		37E860352030F0A400FF51A4 /* crypto_box_curve25519xchacha20poly1305.h in Headers */ = {isa = PBXBuildFile; fileRef = 37E85FF62030F0A300FF51A4 /* crypto_box_curve25519xchacha20poly1305.h */; };
		37E860362030F0A400FF51A4 /* crypto_core_ed25519.h in Headers */ = {isa = PBXBuildFile; fileRef = 37E85FF72030F0A300FF51A4 /* crypto_core_ed25519.h */; };
		37E860372030F0A400FF51A4 /* crypto_pwhash_argon2i.h in Headers */ = {isa = PBXBuildFile; fileRef = 37E85FF82030F0A300FF51A4 /* crypto_pwhash_argon2i.h */; };
		37E860382030F0A400FF51A4 /* crypto_generichash.h in Headers */ = {isa = PBXBuildFile; fileRef = 37E85FF92030F0A300FF51A4 /* crypto_generichash.h */; };
		37E860392030F0A400FF51A4 /* crypto_secretbox_xsalsa20poly1305.h in Headers */ = {isa = PBXBuildFile; fileRef = 37E85FFA2030F0A300FF51A4 /* crypto_secretbox_xsalsa20poly1305.h */; };
		37E8603A2030F0A400FF51A4 /* crypto_secretbox.h in Headers */ = {isa = PBXBuildFile; fileRef = 37E85FFB2030F0A300FF51A4 /* crypto_secretbox.h */; };
		37E8603B2030F0A400FF51A4 /* crypto_scalarmult_ed25519.h in Headers */ = {isa = PBXBuildFile; fileRef = 37E85FFC2030F0A300FF51A4 /* crypto_scalarmult_ed25519.h */; };
		37E8603C2030F0A400FF51A4 /* crypto_box_curve25519xsalsa20poly1305.h in Headers */ = {isa = PBXBuildFile; fileRef = 37E85FFD2030F0A300FF51A4 /* crypto_box_curve25519xsalsa20poly1305.h */; };
		37E8603D2030F0A400FF51A4 /* crypto_generichash_blake2b.h in Headers */ = {isa = PBXBuildFile; fileRef = 37E85FFE2030F0A300FF51A4 /* crypto_generichash_blake2b.h */; };
		37E8603E2030F0A400FF51A4 /* crypto_sign_edwards25519sha512batch.h in Headers */ = {isa = PBXBuildFile; fileRef = 37E85FFF2030F0A300FF51A4 /* crypto_sign_edwards25519sha512batch.h */; };
		37E8603F2030F0A400FF51A4 /* sodium.h in Headers */ = {isa = PBXBuildFile; fileRef = 37E860012030F0A300FF51A4 /* sodium.h */; };
		60CB27B81EB371480079CA46 /* Sodium.h in Headers */ = {isa = PBXBuildFile; fileRef = 09A943CC1A4EB5F500C8A04F /* Sodium.h */; settings = {ATTRIBUTES = (Public, ); }; };
		60D50A6A1FD1778300FCE80F /* Sodium.framework in Frameworks */ = {isa = PBXBuildFile; fileRef = 09A943C71A4EB5F500C8A04F /* Sodium.framework */; };
		60D50A6B1FD1778300FCE80F /* Sodium.framework in Embed Frameworks */ = {isa = PBXBuildFile; fileRef = 09A943C71A4EB5F500C8A04F /* Sodium.framework */; settings = {ATTRIBUTES = (CodeSignOnCopy, RemoveHeadersOnCopy, ); }; };
		7D6373E21E7B5E0800F04E72 /* KeyExchange.swift in Sources */ = {isa = PBXBuildFile; fileRef = 7D6373E11E7B5E0800F04E72 /* KeyExchange.swift */; };
		901645031AE376C100163E3E /* Helpers.swift in Sources */ = {isa = PBXBuildFile; fileRef = 901645021AE376C100163E3E /* Helpers.swift */; };
		901645201AE378DE00163E3E /* AppDelegate.swift in Sources */ = {isa = PBXBuildFile; fileRef = 9016451B1AE378DE00163E3E /* AppDelegate.swift */; };
		901645241AE378DE00163E3E /* ViewController.swift in Sources */ = {isa = PBXBuildFile; fileRef = 9016451F1AE378DE00163E3E /* ViewController.swift */; };
		9016452E1AE37C0000163E3E /* Images.xcassets in Resources */ = {isa = PBXBuildFile; fileRef = 9016451D1AE378DE00163E3E /* Images.xcassets */; };
		9016453B1AE37E5800163E3E /* LaunchScreen.xib in Resources */ = {isa = PBXBuildFile; fileRef = 901645371AE37E5800163E3E /* LaunchScreen.xib */; };
		9016453C1AE37E5800163E3E /* Main.storyboard in Resources */ = {isa = PBXBuildFile; fileRef = 901645391AE37E5800163E3E /* Main.storyboard */; };
		9016453E1AE37E6700163E3E /* Base.lproj in Resources */ = {isa = PBXBuildFile; fileRef = 9016453D1AE37E6700163E3E /* Base.lproj */; };
		A0918C781E92489100C1DC33 /* Auth.swift in Sources */ = {isa = PBXBuildFile; fileRef = A0918C771E92489100C1DC33 /* Auth.swift */; };
		D2A274061F13AD9300958702 /* KeyDerivation.swift in Sources */ = {isa = PBXBuildFile; fileRef = D2A274051F13AD9300958702 /* KeyDerivation.swift */; };
/* End PBXBuildFile section */

/* Begin PBXContainerItemProxy section */
		60D50A6C1FD1778300FCE80F /* PBXContainerItemProxy */ = {
			isa = PBXContainerItemProxy;
			containerPortal = 09A943BE1A4EB5F500C8A04F /* Project object */;
			proxyType = 1;
			remoteGlobalIDString = 09A943C61A4EB5F500C8A04F;
			remoteInfo = Sodium_iOS;
		};
/* End PBXContainerItemProxy section */

/* Begin PBXCopyFilesBuildPhase section */
		60D50A6E1FD1778300FCE80F /* Embed Frameworks */ = {
			isa = PBXCopyFilesBuildPhase;
			buildActionMask = 2147483647;
			dstPath = "";
			dstSubfolderSpec = 10;
			files = (
				60D50A6B1FD1778300FCE80F /* Sodium.framework in Embed Frameworks */,
			);
			name = "Embed Frameworks";
			runOnlyForDeploymentPostprocessing = 0;
		};
/* End PBXCopyFilesBuildPhase section */

/* Begin PBXFileReference section */
		038365141A5A51D20081136D /* SecretBox.swift */ = {isa = PBXFileReference; fileEncoding = 4; lastKnownFileType = sourcecode.swift; path = SecretBox.swift; sourceTree = "<group>"; };
		091C7CD91A507E95002E5351 /* ShortHash.swift */ = {isa = PBXFileReference; fileEncoding = 4; lastKnownFileType = sourcecode.swift; path = ShortHash.swift; sourceTree = "<group>"; };
		091C7CDB1A50839D002E5351 /* Sign.swift */ = {isa = PBXFileReference; fileEncoding = 4; lastKnownFileType = sourcecode.swift; path = Sign.swift; sourceTree = "<group>"; };
		0942982F1EDDAA3B001236B1 /* Stream.swift */ = {isa = PBXFileReference; fileEncoding = 4; lastKnownFileType = sourcecode.swift; path = Stream.swift; sourceTree = "<group>"; };
		094F21E91A5017CA001C3141 /* Box.swift */ = {isa = PBXFileReference; fileEncoding = 4; lastKnownFileType = sourcecode.swift; path = Box.swift; sourceTree = "<group>"; };
		095D80541A4ECCD7000B83F9 /* Sodium.swift */ = {isa = PBXFileReference; fileEncoding = 4; lastKnownFileType = sourcecode.swift; path = Sodium.swift; sourceTree = "<group>"; };
		095D80561A4ED0B4000B83F9 /* GenericHash.swift */ = {isa = PBXFileReference; fileEncoding = 4; lastKnownFileType = sourcecode.swift; path = GenericHash.swift; sourceTree = "<group>"; };
		095D805A1A4F35CA000B83F9 /* RandomBytes.swift */ = {isa = PBXFileReference; fileEncoding = 4; lastKnownFileType = sourcecode.swift; path = RandomBytes.swift; sourceTree = "<group>"; };
		095D805C1A4F4F72000B83F9 /* Utils.swift */ = {isa = PBXFileReference; fileEncoding = 4; lastKnownFileType = sourcecode.swift; path = Utils.swift; sourceTree = "<group>"; };
		097F20D91AF127480088C2FE /* PWHash.swift */ = {isa = PBXFileReference; fileEncoding = 4; lastKnownFileType = sourcecode.swift; path = PWHash.swift; sourceTree = "<group>"; };
		09A5AC111F74466700D3200B /* SecretStream.swift */ = {isa = PBXFileReference; lastKnownFileType = sourcecode.swift; path = SecretStream.swift; sourceTree = "<group>"; };
		09A943C71A4EB5F500C8A04F /* Sodium.framework */ = {isa = PBXFileReference; explicitFileType = wrapper.framework; includeInIndex = 0; path = Sodium.framework; sourceTree = BUILT_PRODUCTS_DIR; };
		09A943CB1A4EB5F500C8A04F /* Info.plist */ = {isa = PBXFileReference; lastKnownFileType = text.plist.xml; path = Info.plist; sourceTree = "<group>"; };
		09A943CC1A4EB5F500C8A04F /* Sodium.h */ = {isa = PBXFileReference; lastKnownFileType = sourcecode.c.h; path = Sodium.h; sourceTree = "<group>"; };
		09A943D81A4EB5F500C8A04F /* Info.plist */ = {isa = PBXFileReference; lastKnownFileType = text.plist.xml; path = Info.plist; sourceTree = "<group>"; };
		09A943D91A4EB5F500C8A04F /* SodiumTests.swift */ = {isa = PBXFileReference; lastKnownFileType = sourcecode.swift; path = SodiumTests.swift; sourceTree = "<group>"; };
		37E85FC22030F0A300FF51A4 /* libsodium-ios.a */ = {isa = PBXFileReference; lastKnownFileType = archive.ar; path = "libsodium-ios.a"; sourceTree = "<group>"; };
		37E85FC42030F0A300FF51A4 /* crypto_stream_salsa2012.h */ = {isa = PBXFileReference; fileEncoding = 4; lastKnownFileType = sourcecode.c.h; path = crypto_stream_salsa2012.h; sourceTree = "<group>"; };
		37E85FC52030F0A300FF51A4 /* crypto_auth.h */ = {isa = PBXFileReference; fileEncoding = 4; lastKnownFileType = sourcecode.c.h; path = crypto_auth.h; sourceTree = "<group>"; };
		37E85FC62030F0A300FF51A4 /* utils.h */ = {isa = PBXFileReference; fileEncoding = 4; lastKnownFileType = sourcecode.c.h; path = utils.h; sourceTree = "<group>"; };
		37E85FC72030F0A300FF51A4 /* crypto_core_hchacha20.h */ = {isa = PBXFileReference; fileEncoding = 4; lastKnownFileType = sourcecode.c.h; path = crypto_core_hchacha20.h; sourceTree = "<group>"; };
		37E85FC82030F0A300FF51A4 /* crypto_hash_sha512.h */ = {isa = PBXFileReference; fileEncoding = 4; lastKnownFileType = sourcecode.c.h; path = crypto_hash_sha512.h; sourceTree = "<group>"; };
		37E85FC92030F0A300FF51A4 /* core.h */ = {isa = PBXFileReference; fileEncoding = 4; lastKnownFileType = sourcecode.c.h; path = core.h; sourceTree = "<group>"; };
		37E85FCA2030F0A300FF51A4 /* version.h */ = {isa = PBXFileReference; fileEncoding = 4; lastKnownFileType = sourcecode.c.h; path = version.h; sourceTree = "<group>"; };
		37E85FCB2030F0A300FF51A4 /* export.h */ = {isa = PBXFileReference; fileEncoding = 4; lastKnownFileType = sourcecode.c.h; path = export.h; sourceTree = "<group>"; };
		37E85FCC2030F0A300FF51A4 /* randombytes_salsa20_random.h */ = {isa = PBXFileReference; fileEncoding = 4; lastKnownFileType = sourcecode.c.h; path = randombytes_salsa20_random.h; sourceTree = "<group>"; };
		37E85FCD2030F0A300FF51A4 /* crypto_core_salsa20.h */ = {isa = PBXFileReference; fileEncoding = 4; lastKnownFileType = sourcecode.c.h; path = crypto_core_salsa20.h; sourceTree = "<group>"; };
		37E85FCE2030F0A300FF51A4 /* crypto_shorthash_siphash24.h */ = {isa = PBXFileReference; fileEncoding = 4; lastKnownFileType = sourcecode.c.h; path = crypto_shorthash_siphash24.h; sourceTree = "<group>"; };
		37E85FCF2030F0A300FF51A4 /* randombytes.h */ = {isa = PBXFileReference; fileEncoding = 4; lastKnownFileType = sourcecode.c.h; path = randombytes.h; sourceTree = "<group>"; };
		37E85FD02030F0A300FF51A4 /* crypto_hash_sha256.h */ = {isa = PBXFileReference; fileEncoding = 4; lastKnownFileType = sourcecode.c.h; path = crypto_hash_sha256.h; sourceTree = "<group>"; };
		37E85FD12030F0A300FF51A4 /* crypto_stream.h */ = {isa = PBXFileReference; fileEncoding = 4; lastKnownFileType = sourcecode.c.h; path = crypto_stream.h; sourceTree = "<group>"; };
		37E85FD22030F0A300FF51A4 /* crypto_auth_hmacsha512.h */ = {isa = PBXFileReference; fileEncoding = 4; lastKnownFileType = sourcecode.c.h; path = crypto_auth_hmacsha512.h; sourceTree = "<group>"; };
		37E85FD32030F0A300FF51A4 /* crypto_aead_xchacha20poly1305.h */ = {isa = PBXFileReference; fileEncoding = 4; lastKnownFileType = sourcecode.c.h; path = crypto_aead_xchacha20poly1305.h; sourceTree = "<group>"; };
		37E85FD42030F0A300FF51A4 /* crypto_stream_salsa20.h */ = {isa = PBXFileReference; fileEncoding = 4; lastKnownFileType = sourcecode.c.h; path = crypto_stream_salsa20.h; sourceTree = "<group>"; };
		37E85FD52030F0A300FF51A4 /* crypto_onetimeauth_poly1305.h */ = {isa = PBXFileReference; fileEncoding = 4; lastKnownFileType = sourcecode.c.h; path = crypto_onetimeauth_poly1305.h; sourceTree = "<group>"; };
		37E85FD62030F0A300FF51A4 /* crypto_kx.h */ = {isa = PBXFileReference; fileEncoding = 4; lastKnownFileType = sourcecode.c.h; path = crypto_kx.h; sourceTree = "<group>"; };
		37E85FD72030F0A300FF51A4 /* crypto_hash.h */ = {isa = PBXFileReference; fileEncoding = 4; lastKnownFileType = sourcecode.c.h; path = crypto_hash.h; sourceTree = "<group>"; };
		37E85FD82030F0A300FF51A4 /* crypto_sign.h */ = {isa = PBXFileReference; fileEncoding = 4; lastKnownFileType = sourcecode.c.h; path = crypto_sign.h; sourceTree = "<group>"; };
		37E85FD92030F0A300FF51A4 /* crypto_kdf.h */ = {isa = PBXFileReference; fileEncoding = 4; lastKnownFileType = sourcecode.c.h; path = crypto_kdf.h; sourceTree = "<group>"; };
		37E85FDA2030F0A300FF51A4 /* crypto_auth_hmacsha256.h */ = {isa = PBXFileReference; fileEncoding = 4; lastKnownFileType = sourcecode.c.h; path = crypto_auth_hmacsha256.h; sourceTree = "<group>"; };
		37E85FDB2030F0A300FF51A4 /* crypto_box.h */ = {isa = PBXFileReference; fileEncoding = 4; lastKnownFileType = sourcecode.c.h; path = crypto_box.h; sourceTree = "<group>"; };
		37E85FDC2030F0A300FF51A4 /* crypto_verify_32.h */ = {isa = PBXFileReference; fileEncoding = 4; lastKnownFileType = sourcecode.c.h; path = crypto_verify_32.h; sourceTree = "<group>"; };
		37E85FDD2030F0A300FF51A4 /* crypto_stream_xchacha20.h */ = {isa = PBXFileReference; fileEncoding = 4; lastKnownFileType = sourcecode.c.h; path = crypto_stream_xchacha20.h; sourceTree = "<group>"; };
		37E85FDE2030F0A300FF51A4 /* crypto_core_salsa208.h */ = {isa = PBXFileReference; fileEncoding = 4; lastKnownFileType = sourcecode.c.h; path = crypto_core_salsa208.h; sourceTree = "<group>"; };
		37E85FDF2030F0A300FF51A4 /* crypto_auth_hmacsha512256.h */ = {isa = PBXFileReference; fileEncoding = 4; lastKnownFileType = sourcecode.c.h; path = crypto_auth_hmacsha512256.h; sourceTree = "<group>"; };
		37E85FE02030F0A300FF51A4 /* crypto_aead_chacha20poly1305.h */ = {isa = PBXFileReference; fileEncoding = 4; lastKnownFileType = sourcecode.c.h; path = crypto_aead_chacha20poly1305.h; sourceTree = "<group>"; };
		37E85FE12030F0A300FF51A4 /* randombytes_sysrandom.h */ = {isa = PBXFileReference; fileEncoding = 4; lastKnownFileType = sourcecode.c.h; path = randombytes_sysrandom.h; sourceTree = "<group>"; };
		37E85FE22030F0A300FF51A4 /* runtime.h */ = {isa = PBXFileReference; fileEncoding = 4; lastKnownFileType = sourcecode.c.h; path = runtime.h; sourceTree = "<group>"; };
		37E85FE32030F0A300FF51A4 /* crypto_stream_salsa208.h */ = {isa = PBXFileReference; fileEncoding = 4; lastKnownFileType = sourcecode.c.h; path = crypto_stream_salsa208.h; sourceTree = "<group>"; };
		37E85FE42030F0A300FF51A4 /* crypto_aead_aes256gcm.h */ = {isa = PBXFileReference; fileEncoding = 4; lastKnownFileType = sourcecode.c.h; path = crypto_aead_aes256gcm.h; sourceTree = "<group>"; };
		37E85FE52030F0A300FF51A4 /* crypto_core_salsa2012.h */ = {isa = PBXFileReference; fileEncoding = 4; lastKnownFileType = sourcecode.c.h; path = crypto_core_salsa2012.h; sourceTree = "<group>"; };
		37E85FE62030F0A300FF51A4 /* crypto_secretbox_xchacha20poly1305.h */ = {isa = PBXFileReference; fileEncoding = 4; lastKnownFileType = sourcecode.c.h; path = crypto_secretbox_xchacha20poly1305.h; sourceTree = "<group>"; };
		37E85FE72030F0A300FF51A4 /* crypto_scalarmult.h */ = {isa = PBXFileReference; fileEncoding = 4; lastKnownFileType = sourcecode.c.h; path = crypto_scalarmult.h; sourceTree = "<group>"; };
		37E85FE82030F0A300FF51A4 /* crypto_pwhash.h */ = {isa = PBXFileReference; fileEncoding = 4; lastKnownFileType = sourcecode.c.h; path = crypto_pwhash.h; sourceTree = "<group>"; };
		37E85FE92030F0A300FF51A4 /* crypto_verify_16.h */ = {isa = PBXFileReference; fileEncoding = 4; lastKnownFileType = sourcecode.c.h; path = crypto_verify_16.h; sourceTree = "<group>"; };
		37E85FEA2030F0A300FF51A4 /* crypto_stream_chacha20.h */ = {isa = PBXFileReference; fileEncoding = 4; lastKnownFileType = sourcecode.c.h; path = crypto_stream_chacha20.h; sourceTree = "<group>"; };
		37E85FEB2030F0A300FF51A4 /* crypto_stream_xsalsa20.h */ = {isa = PBXFileReference; fileEncoding = 4; lastKnownFileType = sourcecode.c.h; path = crypto_stream_xsalsa20.h; sourceTree = "<group>"; };
		37E85FEC2030F0A300FF51A4 /* crypto_core_hsalsa20.h */ = {isa = PBXFileReference; fileEncoding = 4; lastKnownFileType = sourcecode.c.h; path = crypto_core_hsalsa20.h; sourceTree = "<group>"; };
		37E85FED2030F0A300FF51A4 /* crypto_kdf_blake2b.h */ = {isa = PBXFileReference; fileEncoding = 4; lastKnownFileType = sourcecode.c.h; path = crypto_kdf_blake2b.h; sourceTree = "<group>"; };
		37E85FEE2030F0A300FF51A4 /* crypto_scalarmult_curve25519.h */ = {isa = PBXFileReference; fileEncoding = 4; lastKnownFileType = sourcecode.c.h; path = crypto_scalarmult_curve25519.h; sourceTree = "<group>"; };
		37E85FEF2030F0A300FF51A4 /* crypto_shorthash.h */ = {isa = PBXFileReference; fileEncoding = 4; lastKnownFileType = sourcecode.c.h; path = crypto_shorthash.h; sourceTree = "<group>"; };
		37E85FF02030F0A300FF51A4 /* crypto_pwhash_argon2id.h */ = {isa = PBXFileReference; fileEncoding = 4; lastKnownFileType = sourcecode.c.h; path = crypto_pwhash_argon2id.h; sourceTree = "<group>"; };
		37E85FF12030F0A300FF51A4 /* crypto_secretstream_xchacha20poly1305.h */ = {isa = PBXFileReference; fileEncoding = 4; lastKnownFileType = sourcecode.c.h; path = crypto_secretstream_xchacha20poly1305.h; sourceTree = "<group>"; };
		37E85FF22030F0A300FF51A4 /* crypto_pwhash_scryptsalsa208sha256.h */ = {isa = PBXFileReference; fileEncoding = 4; lastKnownFileType = sourcecode.c.h; path = crypto_pwhash_scryptsalsa208sha256.h; sourceTree = "<group>"; };
		37E85FF32030F0A300FF51A4 /* crypto_sign_ed25519.h */ = {isa = PBXFileReference; fileEncoding = 4; lastKnownFileType = sourcecode.c.h; path = crypto_sign_ed25519.h; sourceTree = "<group>"; };
		37E85FF42030F0A300FF51A4 /* crypto_onetimeauth.h */ = {isa = PBXFileReference; fileEncoding = 4; lastKnownFileType = sourcecode.c.h; path = crypto_onetimeauth.h; sourceTree = "<group>"; };
		37E85FF52030F0A300FF51A4 /* crypto_verify_64.h */ = {isa = PBXFileReference; fileEncoding = 4; lastKnownFileType = sourcecode.c.h; path = crypto_verify_64.h; sourceTree = "<group>"; };
		37E85FF62030F0A300FF51A4 /* crypto_box_curve25519xchacha20poly1305.h */ = {isa = PBXFileReference; fileEncoding = 4; lastKnownFileType = sourcecode.c.h; path = crypto_box_curve25519xchacha20poly1305.h; sourceTree = "<group>"; };
		37E85FF72030F0A300FF51A4 /* crypto_core_ed25519.h */ = {isa = PBXFileReference; fileEncoding = 4; lastKnownFileType = sourcecode.c.h; path = crypto_core_ed25519.h; sourceTree = "<group>"; };
		37E85FF82030F0A300FF51A4 /* crypto_pwhash_argon2i.h */ = {isa = PBXFileReference; fileEncoding = 4; lastKnownFileType = sourcecode.c.h; path = crypto_pwhash_argon2i.h; sourceTree = "<group>"; };
		37E85FF92030F0A300FF51A4 /* crypto_generichash.h */ = {isa = PBXFileReference; fileEncoding = 4; lastKnownFileType = sourcecode.c.h; path = crypto_generichash.h; sourceTree = "<group>"; };
		37E85FFA2030F0A300FF51A4 /* crypto_secretbox_xsalsa20poly1305.h */ = {isa = PBXFileReference; fileEncoding = 4; lastKnownFileType = sourcecode.c.h; path = crypto_secretbox_xsalsa20poly1305.h; sourceTree = "<group>"; };
		37E85FFB2030F0A300FF51A4 /* crypto_secretbox.h */ = {isa = PBXFileReference; fileEncoding = 4; lastKnownFileType = sourcecode.c.h; path = crypto_secretbox.h; sourceTree = "<group>"; };
		37E85FFC2030F0A300FF51A4 /* crypto_scalarmult_ed25519.h */ = {isa = PBXFileReference; fileEncoding = 4; lastKnownFileType = sourcecode.c.h; path = crypto_scalarmult_ed25519.h; sourceTree = "<group>"; };
		37E85FFD2030F0A300FF51A4 /* crypto_box_curve25519xsalsa20poly1305.h */ = {isa = PBXFileReference; fileEncoding = 4; lastKnownFileType = sourcecode.c.h; path = crypto_box_curve25519xsalsa20poly1305.h; sourceTree = "<group>"; };
		37E85FFE2030F0A300FF51A4 /* crypto_generichash_blake2b.h */ = {isa = PBXFileReference; fileEncoding = 4; lastKnownFileType = sourcecode.c.h; path = crypto_generichash_blake2b.h; sourceTree = "<group>"; };
		37E85FFF2030F0A300FF51A4 /* crypto_sign_edwards25519sha512batch.h */ = {isa = PBXFileReference; fileEncoding = 4; lastKnownFileType = sourcecode.c.h; path = crypto_sign_edwards25519sha512batch.h; sourceTree = "<group>"; };
		37E860002030F0A300FF51A4 /* module.modulemap */ = {isa = PBXFileReference; fileEncoding = 4; lastKnownFileType = "sourcecode.module-map"; path = module.modulemap; sourceTree = "<group>"; };
		37E860012030F0A300FF51A4 /* sodium.h */ = {isa = PBXFileReference; fileEncoding = 4; lastKnownFileType = sourcecode.c.h; path = sodium.h; sourceTree = "<group>"; };
		7D6373E11E7B5E0800F04E72 /* KeyExchange.swift */ = {isa = PBXFileReference; fileEncoding = 4; lastKnownFileType = sourcecode.swift; path = KeyExchange.swift; sourceTree = "<group>"; };
		901644B61AE36EA700163E3E /* Example iOS.app */ = {isa = PBXFileReference; explicitFileType = wrapper.application; includeInIndex = 0; path = "Example iOS.app"; sourceTree = BUILT_PRODUCTS_DIR; };
		901645021AE376C100163E3E /* Helpers.swift */ = {isa = PBXFileReference; fileEncoding = 4; lastKnownFileType = sourcecode.swift; name = Helpers.swift; path = Examples/CommonCode/Helpers.swift; sourceTree = "<group>"; };
		901645051AE376E400163E3E /* AppDelegate.swift */ = {isa = PBXFileReference; fileEncoding = 4; lastKnownFileType = sourcecode.swift; name = AppDelegate.swift; path = Examples/OSX/AppDelegate.swift; sourceTree = "<group>"; };
		901645071AE376E400163E3E /* Images.xcassets */ = {isa = PBXFileReference; lastKnownFileType = folder.assetcatalog; name = Images.xcassets; path = Examples/OSX/Images.xcassets; sourceTree = "<group>"; };
		901645081AE376E400163E3E /* Info.plist */ = {isa = PBXFileReference; fileEncoding = 4; lastKnownFileType = text.plist; name = Info.plist; path = Examples/OSX/Info.plist; sourceTree = "<group>"; };
		9016451B1AE378DE00163E3E /* AppDelegate.swift */ = {isa = PBXFileReference; fileEncoding = 4; lastKnownFileType = sourcecode.swift; name = AppDelegate.swift; path = Examples/iOS/AppDelegate.swift; sourceTree = "<group>"; };
		9016451D1AE378DE00163E3E /* Images.xcassets */ = {isa = PBXFileReference; lastKnownFileType = folder.assetcatalog; name = Images.xcassets; path = Examples/iOS/Images.xcassets; sourceTree = "<group>"; };
		9016451E1AE378DE00163E3E /* Info.plist */ = {isa = PBXFileReference; fileEncoding = 4; lastKnownFileType = text.plist; name = Info.plist; path = Examples/iOS/Info.plist; sourceTree = "<group>"; };
		9016451F1AE378DE00163E3E /* ViewController.swift */ = {isa = PBXFileReference; fileEncoding = 4; lastKnownFileType = sourcecode.swift; name = ViewController.swift; path = Examples/iOS/ViewController.swift; sourceTree = "<group>"; };
		901645381AE37E5800163E3E /* Base */ = {isa = PBXFileReference; lastKnownFileType = file.xib; name = Base; path = Examples/iOS/Base.lproj/LaunchScreen.xib; sourceTree = "<group>"; };
		9016453A1AE37E5800163E3E /* Base */ = {isa = PBXFileReference; lastKnownFileType = file.storyboard; name = Base; path = Examples/iOS/Base.lproj/Main.storyboard; sourceTree = "<group>"; };
		9016453D1AE37E6700163E3E /* Base.lproj */ = {isa = PBXFileReference; lastKnownFileType = folder; name = Base.lproj; path = Examples/iOS/Base.lproj; sourceTree = "<group>"; };
		901645451AE37F6300163E3E /* Base */ = {isa = PBXFileReference; lastKnownFileType = file.xib; name = Base; path = Examples/OSX/Base.lproj/MainMenu.xib; sourceTree = "<group>"; };
		901645471AE37F7200163E3E /* Base.lproj */ = {isa = PBXFileReference; lastKnownFileType = folder; name = Base.lproj; path = Examples/OSX/Base.lproj; sourceTree = "<group>"; };
		A0918C771E92489100C1DC33 /* Auth.swift */ = {isa = PBXFileReference; fileEncoding = 4; lastKnownFileType = sourcecode.swift; path = Auth.swift; sourceTree = "<group>"; };
		D2A274051F13AD9300958702 /* KeyDerivation.swift */ = {isa = PBXFileReference; fileEncoding = 4; lastKnownFileType = sourcecode.swift; path = KeyDerivation.swift; sourceTree = "<group>"; };
		D85101031E22EF5B003DB2E8 /* ReadmeTests.swift */ = {isa = PBXFileReference; fileEncoding = 4; lastKnownFileType = sourcecode.swift; path = ReadmeTests.swift; sourceTree = "<group>"; };
		D85101051E22F77E003DB2E8 /* README.md */ = {isa = PBXFileReference; lastKnownFileType = net.daringfireball.markdown; path = README.md; sourceTree = "<group>"; };
/* End PBXFileReference section */

/* Begin PBXFrameworksBuildPhase section */
		09A943C31A4EB5F500C8A04F /* Frameworks */ = {
			isa = PBXFrameworksBuildPhase;
			buildActionMask = 2147483647;
			files = (
				37E860022030F0A300FF51A4 /* libsodium-ios.a in Frameworks */,
			);
			runOnlyForDeploymentPostprocessing = 0;
		};
		901644B31AE36EA700163E3E /* Frameworks */ = {
			isa = PBXFrameworksBuildPhase;
			buildActionMask = 2147483647;
			files = (
				60D50A6A1FD1778300FCE80F /* Sodium.framework in Frameworks */,
			);
			runOnlyForDeploymentPostprocessing = 0;
		};
/* End PBXFrameworksBuildPhase section */

/* Begin PBXGroup section */
		09A943BD1A4EB5F500C8A04F = {
			isa = PBXGroup;
			children = (
				D85101051E22F77E003DB2E8 /* README.md */,
				901644AF1AE36D6000163E3E /* Examples */,
				09A943C91A4EB5F500C8A04F /* Sodium */,
				09A943D61A4EB5F500C8A04F /* SodiumTests */,
				09A943C81A4EB5F500C8A04F /* Products */,
			);
			sourceTree = "<group>";
		};
		09A943C81A4EB5F500C8A04F /* Products */ = {
			isa = PBXGroup;
			children = (
				09A943C71A4EB5F500C8A04F /* Sodium.framework */,
				901644B61AE36EA700163E3E /* Example iOS.app */,
			);
			name = Products;
			sourceTree = "<group>";
		};
		09A943C91A4EB5F500C8A04F /* Sodium */ = {
			isa = PBXGroup;
			children = (
				09A943CA1A4EB5F500C8A04F /* Supporting Files */,
				37E85FC12030F0A300FF51A4 /* libsodium-ios */,
				09A943CC1A4EB5F500C8A04F /* Sodium.h */,
				094F21E91A5017CA001C3141 /* Box.swift */,
				038365141A5A51D20081136D /* SecretBox.swift */,
				0942982F1EDDAA3B001236B1 /* Stream.swift */,
				095D80561A4ED0B4000B83F9 /* GenericHash.swift */,
				097F20D91AF127480088C2FE /* PWHash.swift */,
				095D805A1A4F35CA000B83F9 /* RandomBytes.swift */,
				091C7CD91A507E95002E5351 /* ShortHash.swift */,
				091C7CDB1A50839D002E5351 /* Sign.swift */,
				095D80541A4ECCD7000B83F9 /* Sodium.swift */,
				095D805C1A4F4F72000B83F9 /* Utils.swift */,
				7D6373E11E7B5E0800F04E72 /* KeyExchange.swift */,
				A0918C771E92489100C1DC33 /* Auth.swift */,
				D2A274051F13AD9300958702 /* KeyDerivation.swift */,
				09A5AC111F74466700D3200B /* SecretStream.swift */,
			);
			path = Sodium;
			sourceTree = "<group>";
		};
		09A943CA1A4EB5F500C8A04F /* Supporting Files */ = {
			isa = PBXGroup;
			children = (
				09A943CB1A4EB5F500C8A04F /* Info.plist */,
			);
			name = "Supporting Files";
			sourceTree = "<group>";
		};
		09A943D61A4EB5F500C8A04F /* SodiumTests */ = {
			isa = PBXGroup;
			children = (
				09A943D91A4EB5F500C8A04F /* SodiumTests.swift */,
				D85101031E22EF5B003DB2E8 /* ReadmeTests.swift */,
				09A943D71A4EB5F500C8A04F /* Supporting Files */,
			);
			path = SodiumTests;
			sourceTree = "<group>";
		};
		09A943D71A4EB5F500C8A04F /* Supporting Files */ = {
			isa = PBXGroup;
			children = (
				09A943D81A4EB5F500C8A04F /* Info.plist */,
			);
			name = "Supporting Files";
			sourceTree = "<group>";
		};
		37E85FC12030F0A300FF51A4 /* libsodium-ios */ = {
			isa = PBXGroup;
			children = (
				37E85FC22030F0A300FF51A4 /* libsodium-ios.a */,
				37E85FC32030F0A300FF51A4 /* sodium */,
				37E860002030F0A300FF51A4 /* module.modulemap */,
				37E860012030F0A300FF51A4 /* sodium.h */,
			);
			path = "libsodium-ios";
			sourceTree = "<group>";
		};
		37E85FC32030F0A300FF51A4 /* sodium */ = {
			isa = PBXGroup;
			children = (
				37E85FC42030F0A300FF51A4 /* crypto_stream_salsa2012.h */,
				37E85FC52030F0A300FF51A4 /* crypto_auth.h */,
				37E85FC62030F0A300FF51A4 /* utils.h */,
				37E85FC72030F0A300FF51A4 /* crypto_core_hchacha20.h */,
				37E85FC82030F0A300FF51A4 /* crypto_hash_sha512.h */,
				37E85FC92030F0A300FF51A4 /* core.h */,
				37E85FCA2030F0A300FF51A4 /* version.h */,
				37E85FCB2030F0A300FF51A4 /* export.h */,
				37E85FCC2030F0A300FF51A4 /* randombytes_salsa20_random.h */,
				37E85FCD2030F0A300FF51A4 /* crypto_core_salsa20.h */,
				37E85FCE2030F0A300FF51A4 /* crypto_shorthash_siphash24.h */,
				37E85FCF2030F0A300FF51A4 /* randombytes.h */,
				37E85FD02030F0A300FF51A4 /* crypto_hash_sha256.h */,
				37E85FD12030F0A300FF51A4 /* crypto_stream.h */,
				37E85FD22030F0A300FF51A4 /* crypto_auth_hmacsha512.h */,
				37E85FD32030F0A300FF51A4 /* crypto_aead_xchacha20poly1305.h */,
				37E85FD42030F0A300FF51A4 /* crypto_stream_salsa20.h */,
				37E85FD52030F0A300FF51A4 /* crypto_onetimeauth_poly1305.h */,
				37E85FD62030F0A300FF51A4 /* crypto_kx.h */,
				37E85FD72030F0A300FF51A4 /* crypto_hash.h */,
				37E85FD82030F0A300FF51A4 /* crypto_sign.h */,
				37E85FD92030F0A300FF51A4 /* crypto_kdf.h */,
				37E85FDA2030F0A300FF51A4 /* crypto_auth_hmacsha256.h */,
				37E85FDB2030F0A300FF51A4 /* crypto_box.h */,
				37E85FDC2030F0A300FF51A4 /* crypto_verify_32.h */,
				37E85FDD2030F0A300FF51A4 /* crypto_stream_xchacha20.h */,
				37E85FDE2030F0A300FF51A4 /* crypto_core_salsa208.h */,
				37E85FDF2030F0A300FF51A4 /* crypto_auth_hmacsha512256.h */,
				37E85FE02030F0A300FF51A4 /* crypto_aead_chacha20poly1305.h */,
				37E85FE12030F0A300FF51A4 /* randombytes_sysrandom.h */,
				37E85FE22030F0A300FF51A4 /* runtime.h */,
				37E85FE32030F0A300FF51A4 /* crypto_stream_salsa208.h */,
				37E85FE42030F0A300FF51A4 /* crypto_aead_aes256gcm.h */,
				37E85FE52030F0A300FF51A4 /* crypto_core_salsa2012.h */,
				37E85FE62030F0A300FF51A4 /* crypto_secretbox_xchacha20poly1305.h */,
				37E85FE72030F0A300FF51A4 /* crypto_scalarmult.h */,
				37E85FE82030F0A300FF51A4 /* crypto_pwhash.h */,
				37E85FE92030F0A300FF51A4 /* crypto_verify_16.h */,
				37E85FEA2030F0A300FF51A4 /* crypto_stream_chacha20.h */,
				37E85FEB2030F0A300FF51A4 /* crypto_stream_xsalsa20.h */,
				37E85FEC2030F0A300FF51A4 /* crypto_core_hsalsa20.h */,
				37E85FED2030F0A300FF51A4 /* crypto_kdf_blake2b.h */,
				37E85FEE2030F0A300FF51A4 /* crypto_scalarmult_curve25519.h */,
				37E85FEF2030F0A300FF51A4 /* crypto_shorthash.h */,
				37E85FF02030F0A300FF51A4 /* crypto_pwhash_argon2id.h */,
				37E85FF12030F0A300FF51A4 /* crypto_secretstream_xchacha20poly1305.h */,
				37E85FF22030F0A300FF51A4 /* crypto_pwhash_scryptsalsa208sha256.h */,
				37E85FF32030F0A300FF51A4 /* crypto_sign_ed25519.h */,
				37E85FF42030F0A300FF51A4 /* crypto_onetimeauth.h */,
				37E85FF52030F0A300FF51A4 /* crypto_verify_64.h */,
				37E85FF62030F0A300FF51A4 /* crypto_box_curve25519xchacha20poly1305.h */,
				37E85FF72030F0A300FF51A4 /* crypto_core_ed25519.h */,
				37E85FF82030F0A300FF51A4 /* crypto_pwhash_argon2i.h */,
				37E85FF92030F0A300FF51A4 /* crypto_generichash.h */,
				37E85FFA2030F0A300FF51A4 /* crypto_secretbox_xsalsa20poly1305.h */,
				37E85FFB2030F0A300FF51A4 /* crypto_secretbox.h */,
				37E85FFC2030F0A300FF51A4 /* crypto_scalarmult_ed25519.h */,
				37E85FFD2030F0A300FF51A4 /* crypto_box_curve25519xsalsa20poly1305.h */,
				37E85FFE2030F0A300FF51A4 /* crypto_generichash_blake2b.h */,
				37E85FFF2030F0A300FF51A4 /* crypto_sign_edwards25519sha512batch.h */,
			);
			path = sodium;
			sourceTree = "<group>";
		};
		901644AF1AE36D6000163E3E /* Examples */ = {
			isa = PBXGroup;
			children = (
				901644FB1AE3729200163E3E /* CommonCode */,
				901644B11AE36D7900163E3E /* OSX */,
				901644B01AE36D6D00163E3E /* iOS */,
			);
			name = Examples;
			sourceTree = "<group>";
		};
		901644B01AE36D6D00163E3E /* iOS */ = {
			isa = PBXGroup;
			children = (
				9016453D1AE37E6700163E3E /* Base.lproj */,
				901645371AE37E5800163E3E /* LaunchScreen.xib */,
				901645391AE37E5800163E3E /* Main.storyboard */,
				9016451B1AE378DE00163E3E /* AppDelegate.swift */,
				9016451D1AE378DE00163E3E /* Images.xcassets */,
				9016451F1AE378DE00163E3E /* ViewController.swift */,
				901644B81AE36EA700163E3E /* Supporting Files */,
			);
			name = iOS;
			sourceTree = "<group>";
		};
		901644B11AE36D7900163E3E /* OSX */ = {
			isa = PBXGroup;
			children = (
				901645471AE37F7200163E3E /* Base.lproj */,
				901645441AE37F6300163E3E /* MainMenu.xib */,
				901645051AE376E400163E3E /* AppDelegate.swift */,
				901645071AE376E400163E3E /* Images.xcassets */,
				901644DE1AE36F2D00163E3E /* Supporting Files */,
			);
			name = OSX;
			sourceTree = "<group>";
		};
		901644B81AE36EA700163E3E /* Supporting Files */ = {
			isa = PBXGroup;
			children = (
				9016451E1AE378DE00163E3E /* Info.plist */,
			);
			name = "Supporting Files";
			path = "Example iOS";
			sourceTree = "<group>";
		};
		901644DE1AE36F2D00163E3E /* Supporting Files */ = {
			isa = PBXGroup;
			children = (
				901645081AE376E400163E3E /* Info.plist */,
			);
			name = "Supporting Files";
			path = "Example OSX";
			sourceTree = "<group>";
		};
		901644FB1AE3729200163E3E /* CommonCode */ = {
			isa = PBXGroup;
			children = (
				901645021AE376C100163E3E /* Helpers.swift */,
			);
			name = CommonCode;
			sourceTree = "<group>";
		};
/* End PBXGroup section */

/* Begin PBXHeadersBuildPhase section */
		09A943C41A4EB5F500C8A04F /* Headers */ = {
			isa = PBXHeadersBuildPhase;
			buildActionMask = 2147483647;
			files = (
				37E8602B2030F0A400FF51A4 /* crypto_core_hsalsa20.h in Headers */,
				37E860322030F0A400FF51A4 /* crypto_sign_ed25519.h in Headers */,
				37E860262030F0A400FF51A4 /* crypto_scalarmult.h in Headers */,
				37E860152030F0A400FF51A4 /* crypto_kx.h in Headers */,
				37E860182030F0A400FF51A4 /* crypto_kdf.h in Headers */,
				37E8603E2030F0A400FF51A4 /* crypto_sign_edwards25519sha512batch.h in Headers */,
				37E860102030F0A400FF51A4 /* crypto_stream.h in Headers */,
				37E860212030F0A400FF51A4 /* runtime.h in Headers */,
				37E860332030F0A400FF51A4 /* crypto_onetimeauth.h in Headers */,
				37E860042030F0A400FF51A4 /* crypto_auth.h in Headers */,
				37E860222030F0A400FF51A4 /* crypto_stream_salsa208.h in Headers */,
				37E860392030F0A400FF51A4 /* crypto_secretbox_xsalsa20poly1305.h in Headers */,
				37E8603A2030F0A400FF51A4 /* crypto_secretbox.h in Headers */,
				37E860162030F0A400FF51A4 /* crypto_hash.h in Headers */,
				37E860252030F0A400FF51A4 /* crypto_secretbox_xchacha20poly1305.h in Headers */,
				37E8601C2030F0A400FF51A4 /* crypto_stream_xchacha20.h in Headers */,
				37E8601B2030F0A400FF51A4 /* crypto_verify_32.h in Headers */,
				37E860292030F0A400FF51A4 /* crypto_stream_chacha20.h in Headers */,
				37E8602A2030F0A400FF51A4 /* crypto_stream_xsalsa20.h in Headers */,
				37E8602C2030F0A400FF51A4 /* crypto_kdf_blake2b.h in Headers */,
				37E8601E2030F0A400FF51A4 /* crypto_auth_hmacsha512256.h in Headers */,
				60CB27B81EB371480079CA46 /* Sodium.h in Headers */,
				37E8603D2030F0A400FF51A4 /* crypto_generichash_blake2b.h in Headers */,
				37E8600F2030F0A400FF51A4 /* crypto_hash_sha256.h in Headers */,
				37E8602D2030F0A400FF51A4 /* crypto_scalarmult_curve25519.h in Headers */,
				37E8603F2030F0A400FF51A4 /* sodium.h in Headers */,
				37E8601A2030F0A400FF51A4 /* crypto_box.h in Headers */,
				37E8601D2030F0A400FF51A4 /* crypto_core_salsa208.h in Headers */,
				37E860132030F0A400FF51A4 /* crypto_stream_salsa20.h in Headers */,
				37E860122030F0A400FF51A4 /* crypto_aead_xchacha20poly1305.h in Headers */,
				37E860282030F0A400FF51A4 /* crypto_verify_16.h in Headers */,
				37E860052030F0A400FF51A4 /* utils.h in Headers */,
				37E8603B2030F0A400FF51A4 /* crypto_scalarmult_ed25519.h in Headers */,
				37E860062030F0A400FF51A4 /* crypto_core_hchacha20.h in Headers */,
				37E860032030F0A400FF51A4 /* crypto_stream_salsa2012.h in Headers */,
				37E860362030F0A400FF51A4 /* crypto_core_ed25519.h in Headers */,
				37E8602E2030F0A400FF51A4 /* crypto_shorthash.h in Headers */,
				37E860382030F0A400FF51A4 /* crypto_generichash.h in Headers */,
				37E860302030F0A400FF51A4 /* crypto_secretstream_xchacha20poly1305.h in Headers */,
				37E8600B2030F0A400FF51A4 /* randombytes_salsa20_random.h in Headers */,
				37E860232030F0A400FF51A4 /* crypto_aead_aes256gcm.h in Headers */,
				37E8603C2030F0A400FF51A4 /* crypto_box_curve25519xsalsa20poly1305.h in Headers */,
				37E860172030F0A400FF51A4 /* crypto_sign.h in Headers */,
				37E860312030F0A400FF51A4 /* crypto_pwhash_scryptsalsa208sha256.h in Headers */,
				37E860092030F0A400FF51A4 /* version.h in Headers */,
				37E8600E2030F0A400FF51A4 /* randombytes.h in Headers */,
				37E860142030F0A400FF51A4 /* crypto_onetimeauth_poly1305.h in Headers */,
				37E860372030F0A400FF51A4 /* crypto_pwhash_argon2i.h in Headers */,
				37E860202030F0A400FF51A4 /* randombytes_sysrandom.h in Headers */,
				37E860192030F0A400FF51A4 /* crypto_auth_hmacsha256.h in Headers */,
				37E8600C2030F0A400FF51A4 /* crypto_core_salsa20.h in Headers */,
				37E860272030F0A400FF51A4 /* crypto_pwhash.h in Headers */,
				37E860072030F0A400FF51A4 /* crypto_hash_sha512.h in Headers */,
				37E860112030F0A400FF51A4 /* crypto_auth_hmacsha512.h in Headers */,
				37E860352030F0A400FF51A4 /* crypto_box_curve25519xchacha20poly1305.h in Headers */,
				37E8600A2030F0A400FF51A4 /* export.h in Headers */,
				37E8601F2030F0A400FF51A4 /* crypto_aead_chacha20poly1305.h in Headers */,
				37E860342030F0A400FF51A4 /* crypto_verify_64.h in Headers */,
				37E8602F2030F0A400FF51A4 /* crypto_pwhash_argon2id.h in Headers */,
				37E860082030F0A400FF51A4 /* core.h in Headers */,
				37E860242030F0A400FF51A4 /* crypto_core_salsa2012.h in Headers */,
				37E8600D2030F0A400FF51A4 /* crypto_shorthash_siphash24.h in Headers */,
			);
			runOnlyForDeploymentPostprocessing = 0;
		};
/* End PBXHeadersBuildPhase section */

/* Begin PBXNativeTarget section */
		09A943C61A4EB5F500C8A04F /* Sodium_iOS */ = {
			isa = PBXNativeTarget;
			buildConfigurationList = 09A943DD1A4EB5F500C8A04F /* Build configuration list for PBXNativeTarget "Sodium_iOS" */;
			buildPhases = (
				09A943C21A4EB5F500C8A04F /* Sources */,
				09A943C31A4EB5F500C8A04F /* Frameworks */,
				09A943C41A4EB5F500C8A04F /* Headers */,
				09A943C51A4EB5F500C8A04F /* Resources */,
			);
			buildRules = (
			);
			dependencies = (
			);
			name = Sodium_iOS;
			productName = Sodium;
			productReference = 09A943C71A4EB5F500C8A04F /* Sodium.framework */;
			productType = "com.apple.product-type.framework";
		};
		901644B51AE36EA700163E3E /* Example iOS */ = {
			isa = PBXNativeTarget;
			buildConfigurationList = 901644D21AE36EA800163E3E /* Build configuration list for PBXNativeTarget "Example iOS" */;
			buildPhases = (
				901644B21AE36EA700163E3E /* Sources */,
				901644B31AE36EA700163E3E /* Frameworks */,
				901644B41AE36EA700163E3E /* Resources */,
				60D50A6E1FD1778300FCE80F /* Embed Frameworks */,
			);
			buildRules = (
			);
			dependencies = (
				60D50A6D1FD1778300FCE80F /* PBXTargetDependency */,
			);
			name = "Example iOS";
			productName = "Example iOS";
			productReference = 901644B61AE36EA700163E3E /* Example iOS.app */;
			productType = "com.apple.product-type.application";
		};
/* End PBXNativeTarget section */

/* Begin PBXProject section */
		09A943BE1A4EB5F500C8A04F /* Project object */ = {
			isa = PBXProject;
			attributes = {
				LastSwiftMigration = 0700;
				LastSwiftUpdateCheck = 0700;
				LastUpgradeCheck = 0900;
				ORGANIZATIONNAME = "Frank Denis";
				TargetAttributes = {
					09A943C61A4EB5F500C8A04F = {
						CreatedOnToolsVersion = 6.1.1;
						LastSwiftMigration = 0900;
						ProvisioningStyle = Automatic;
					};
					901644B51AE36EA700163E3E = {
						CreatedOnToolsVersion = 6.3;
						LastSwiftMigration = 0910;
					};
				};
			};
			buildConfigurationList = 09A943C11A4EB5F500C8A04F /* Build configuration list for PBXProject "Sodium" */;
			compatibilityVersion = "Xcode 8.0";
			developmentRegion = English;
			hasScannedForEncodings = 0;
			knownRegions = (
				en,
				Base,
			);
			mainGroup = 09A943BD1A4EB5F500C8A04F;
			productRefGroup = 09A943C81A4EB5F500C8A04F /* Products */;
			projectDirPath = "";
			projectRoot = "";
			targets = (
				09A943C61A4EB5F500C8A04F /* Sodium_iOS */,
				901644B51AE36EA700163E3E /* Example iOS */,
			);
		};
/* End PBXProject section */

/* Begin PBXResourcesBuildPhase section */
		09A943C51A4EB5F500C8A04F /* Resources */ = {
			isa = PBXResourcesBuildPhase;
			buildActionMask = 2147483647;
			files = (
			);
			runOnlyForDeploymentPostprocessing = 0;
		};
		901644B41AE36EA700163E3E /* Resources */ = {
			isa = PBXResourcesBuildPhase;
			buildActionMask = 2147483647;
			files = (
				9016453C1AE37E5800163E3E /* Main.storyboard in Resources */,
				9016453B1AE37E5800163E3E /* LaunchScreen.xib in Resources */,
				9016453E1AE37E6700163E3E /* Base.lproj in Resources */,
				9016452E1AE37C0000163E3E /* Images.xcassets in Resources */,
			);
			runOnlyForDeploymentPostprocessing = 0;
		};
/* End PBXResourcesBuildPhase section */

/* Begin PBXSourcesBuildPhase section */
		09A943C21A4EB5F500C8A04F /* Sources */ = {
			isa = PBXSourcesBuildPhase;
			buildActionMask = 2147483647;
			files = (
				7D6373E21E7B5E0800F04E72 /* KeyExchange.swift in Sources */,
				095D80551A4ECCD7000B83F9 /* Sodium.swift in Sources */,
				097F20DA1AF127480088C2FE /* PWHash.swift in Sources */,
				038365151A5A51D20081136D /* SecretBox.swift in Sources */,
				095D805D1A4F4F72000B83F9 /* Utils.swift in Sources */,
				091C7CDC1A50839D002E5351 /* Sign.swift in Sources */,
				A0918C781E92489100C1DC33 /* Auth.swift in Sources */,
				094298301EDDAA3B001236B1 /* Stream.swift in Sources */,
				D2A274061F13AD9300958702 /* KeyDerivation.swift in Sources */,
				09A5AC121F74466700D3200B /* SecretStream.swift in Sources */,
				091C7CDA1A507E95002E5351 /* ShortHash.swift in Sources */,
				095D805B1A4F35CA000B83F9 /* RandomBytes.swift in Sources */,
				095D80571A4ED0B4000B83F9 /* GenericHash.swift in Sources */,
				094F21EA1A5017CA001C3141 /* Box.swift in Sources */,
			);
			runOnlyForDeploymentPostprocessing = 0;
		};
		901644B21AE36EA700163E3E /* Sources */ = {
			isa = PBXSourcesBuildPhase;
			buildActionMask = 2147483647;
			files = (
				901645201AE378DE00163E3E /* AppDelegate.swift in Sources */,
				901645241AE378DE00163E3E /* ViewController.swift in Sources */,
				901645031AE376C100163E3E /* Helpers.swift in Sources */,
			);
			runOnlyForDeploymentPostprocessing = 0;
		};
/* End PBXSourcesBuildPhase section */

/* Begin PBXTargetDependency section */
		60D50A6D1FD1778300FCE80F /* PBXTargetDependency */ = {
			isa = PBXTargetDependency;
			target = 09A943C61A4EB5F500C8A04F /* Sodium_iOS */;
			targetProxy = 60D50A6C1FD1778300FCE80F /* PBXContainerItemProxy */;
		};
/* End PBXTargetDependency section */

/* Begin PBXVariantGroup section */
		901645371AE37E5800163E3E /* LaunchScreen.xib */ = {
			isa = PBXVariantGroup;
			children = (
				901645381AE37E5800163E3E /* Base */,
			);
			name = LaunchScreen.xib;
			sourceTree = "<group>";
		};
		901645391AE37E5800163E3E /* Main.storyboard */ = {
			isa = PBXVariantGroup;
			children = (
				9016453A1AE37E5800163E3E /* Base */,
			);
			name = Main.storyboard;
			sourceTree = "<group>";
		};
		901645441AE37F6300163E3E /* MainMenu.xib */ = {
			isa = PBXVariantGroup;
			children = (
				901645451AE37F6300163E3E /* Base */,
			);
			name = MainMenu.xib;
			sourceTree = "<group>";
		};
/* End PBXVariantGroup section */

/* Begin XCBuildConfiguration section */
		09A943DB1A4EB5F500C8A04F /* Debug */ = {
			isa = XCBuildConfiguration;
			buildSettings = {
				ALWAYS_SEARCH_USER_PATHS = NO;
				CLANG_CXX_LANGUAGE_STANDARD = "gnu++0x";
				CLANG_CXX_LIBRARY = "libc++";
				CLANG_ENABLE_MODULES = YES;
				CLANG_ENABLE_OBJC_ARC = YES;
				CLANG_WARN_BLOCK_CAPTURE_AUTORELEASING = YES;
				CLANG_WARN_BOOL_CONVERSION = YES;
				CLANG_WARN_COMMA = YES;
				CLANG_WARN_CONSTANT_CONVERSION = YES;
				CLANG_WARN_DIRECT_OBJC_ISA_USAGE = YES_ERROR;
				CLANG_WARN_EMPTY_BODY = YES;
				CLANG_WARN_ENUM_CONVERSION = YES;
				CLANG_WARN_INFINITE_RECURSION = YES;
				CLANG_WARN_INT_CONVERSION = YES;
				CLANG_WARN_NON_LITERAL_NULL_CONVERSION = YES;
				CLANG_WARN_OBJC_LITERAL_CONVERSION = YES;
				CLANG_WARN_OBJC_ROOT_CLASS = YES_ERROR;
				CLANG_WARN_RANGE_LOOP_ANALYSIS = YES;
				CLANG_WARN_STRICT_PROTOTYPES = YES;
				CLANG_WARN_SUSPICIOUS_MOVE = YES;
				CLANG_WARN_UNREACHABLE_CODE = YES;
				CLANG_WARN__DUPLICATE_METHOD_MATCH = YES;
				"CODE_SIGN_IDENTITY[sdk=iphoneos*]" = "iPhone Developer";
				COPY_PHASE_STRIP = NO;
				CURRENT_PROJECT_VERSION = 1;
				ENABLE_BITCODE = YES;
				ENABLE_STRICT_OBJC_MSGSEND = YES;
				ENABLE_TESTABILITY = YES;
				GCC_C_LANGUAGE_STANDARD = gnu99;
				GCC_DYNAMIC_NO_PIC = NO;
				GCC_NO_COMMON_BLOCKS = YES;
				GCC_OPTIMIZATION_LEVEL = 0;
				GCC_PREPROCESSOR_DEFINITIONS = (
					"DEBUG=1",
					"$(inherited)",
				);
				GCC_SYMBOLS_PRIVATE_EXTERN = NO;
				GCC_WARN_64_TO_32_BIT_CONVERSION = YES;
				GCC_WARN_ABOUT_RETURN_TYPE = YES_ERROR;
				GCC_WARN_UNDECLARED_SELECTOR = YES;
				GCC_WARN_UNINITIALIZED_AUTOS = YES_AGGRESSIVE;
				GCC_WARN_UNUSED_FUNCTION = YES;
				GCC_WARN_UNUSED_VARIABLE = YES;
				IPHONEOS_DEPLOYMENT_TARGET = 11.0;
				MTL_ENABLE_DEBUG_INFO = YES;
				ONLY_ACTIVE_ARCH = YES;
				SDKROOT = iphoneos;
				SWIFT_OPTIMIZATION_LEVEL = "-Onone";
				SWIFT_VERSION = 3.0;
				TARGETED_DEVICE_FAMILY = "1,2";
				VERSIONING_SYSTEM = "apple-generic";
				VERSION_INFO_PREFIX = "";
			};
			name = Debug;
		};
		09A943DC1A4EB5F500C8A04F /* Release */ = {
			isa = XCBuildConfiguration;
			buildSettings = {
				ALWAYS_SEARCH_USER_PATHS = NO;
				CLANG_CXX_LANGUAGE_STANDARD = "gnu++0x";
				CLANG_CXX_LIBRARY = "libc++";
				CLANG_ENABLE_MODULES = YES;
				CLANG_ENABLE_OBJC_ARC = YES;
				CLANG_WARN_BLOCK_CAPTURE_AUTORELEASING = YES;
				CLANG_WARN_BOOL_CONVERSION = YES;
				CLANG_WARN_COMMA = YES;
				CLANG_WARN_CONSTANT_CONVERSION = YES;
				CLANG_WARN_DIRECT_OBJC_ISA_USAGE = YES_ERROR;
				CLANG_WARN_EMPTY_BODY = YES;
				CLANG_WARN_ENUM_CONVERSION = YES;
				CLANG_WARN_INFINITE_RECURSION = YES;
				CLANG_WARN_INT_CONVERSION = YES;
				CLANG_WARN_NON_LITERAL_NULL_CONVERSION = YES;
				CLANG_WARN_OBJC_LITERAL_CONVERSION = YES;
				CLANG_WARN_OBJC_ROOT_CLASS = YES_ERROR;
				CLANG_WARN_RANGE_LOOP_ANALYSIS = YES;
				CLANG_WARN_STRICT_PROTOTYPES = YES;
				CLANG_WARN_SUSPICIOUS_MOVE = YES;
				CLANG_WARN_UNREACHABLE_CODE = YES;
				CLANG_WARN__DUPLICATE_METHOD_MATCH = YES;
				"CODE_SIGN_IDENTITY[sdk=iphoneos*]" = "iPhone Developer";
				COPY_PHASE_STRIP = YES;
				CURRENT_PROJECT_VERSION = 1;
				ENABLE_BITCODE = YES;
				ENABLE_NS_ASSERTIONS = NO;
				ENABLE_STRICT_OBJC_MSGSEND = YES;
				GCC_C_LANGUAGE_STANDARD = gnu99;
				GCC_NO_COMMON_BLOCKS = YES;
				GCC_WARN_64_TO_32_BIT_CONVERSION = YES;
				GCC_WARN_ABOUT_RETURN_TYPE = YES_ERROR;
				GCC_WARN_UNDECLARED_SELECTOR = YES;
				GCC_WARN_UNINITIALIZED_AUTOS = YES_AGGRESSIVE;
				GCC_WARN_UNUSED_FUNCTION = YES;
				GCC_WARN_UNUSED_VARIABLE = YES;
				IPHONEOS_DEPLOYMENT_TARGET = 11.0;
				MTL_ENABLE_DEBUG_INFO = NO;
				SDKROOT = iphoneos;
				SWIFT_OPTIMIZATION_LEVEL = "-Owholemodule";
				SWIFT_VERSION = 3.0;
				TARGETED_DEVICE_FAMILY = "1,2";
				VALIDATE_PRODUCT = YES;
				VERSIONING_SYSTEM = "apple-generic";
				VERSION_INFO_PREFIX = "";
			};
			name = Release;
		};
		09A943DE1A4EB5F500C8A04F /* Debug */ = {
			isa = XCBuildConfiguration;
			buildSettings = {
				CLANG_ENABLE_MODULES = YES;
				"CODE_SIGN_IDENTITY[sdk=iphoneos*]" = "";
				CODE_SIGN_STYLE = Automatic;
				DEFINES_MODULE = YES;
				DEVELOPMENT_TEAM = "";
				DYLIB_COMPATIBILITY_VERSION = 1;
				DYLIB_CURRENT_VERSION = 1;
				DYLIB_INSTALL_NAME_BASE = "@rpath";
				HEADER_SEARCH_PATHS = "$(PROJECT_DIR)/Sodium";
				INFOPLIST_FILE = Sodium/Info.plist;
				INSTALL_PATH = "$(LOCAL_LIBRARY_DIR)/Frameworks";
				IPHONEOS_DEPLOYMENT_TARGET = 11.0;
				LD_RUNPATH_SEARCH_PATHS = "$(inherited) @executable_path/Frameworks @loader_path/Frameworks";
				LIBRARY_SEARCH_PATHS = (
					"$(inherited)",
					"$(PROJECT_DIR)/Sodium",
					"$(PROJECT_DIR)/Sodium/libsodium",
					"$(PROJECT_DIR)/Sodium/libsodium-ios",
				);
				PRODUCT_BUNDLE_IDENTIFIER = "org.pureftpd.swiftodium.$(PRODUCT_NAME:rfc1034identifier)";
				PRODUCT_NAME = Sodium;
				PROVISIONING_PROFILE_SPECIFIER = "";
				SKIP_INSTALL = YES;
				SWIFT_INCLUDE_PATHS = "$(PROJECT_DIR)/Sodium $(PROJECT_DIR)/Sodium/libsodium";
				SWIFT_OPTIMIZATION_LEVEL = "-Onone";
				SWIFT_SWIFT3_OBJC_INFERENCE = Default;
				SWIFT_VERSION = 4.0;
				VALID_ARCHS = arm64;
			};
			name = Debug;
		};
		09A943DF1A4EB5F500C8A04F /* Release */ = {
			isa = XCBuildConfiguration;
			buildSettings = {
				CLANG_ENABLE_MODULES = YES;
				"CODE_SIGN_IDENTITY[sdk=iphoneos*]" = "";
				CODE_SIGN_STYLE = Automatic;
				DEFINES_MODULE = YES;
				DEVELOPMENT_TEAM = "";
				DYLIB_COMPATIBILITY_VERSION = 1;
				DYLIB_CURRENT_VERSION = 1;
				DYLIB_INSTALL_NAME_BASE = "@rpath";
				HEADER_SEARCH_PATHS = "$(PROJECT_DIR)/Sodium";
				INFOPLIST_FILE = Sodium/Info.plist;
				INSTALL_PATH = "$(LOCAL_LIBRARY_DIR)/Frameworks";
				IPHONEOS_DEPLOYMENT_TARGET = 11.0;
				LD_RUNPATH_SEARCH_PATHS = "$(inherited) @executable_path/Frameworks @loader_path/Frameworks";
				LIBRARY_SEARCH_PATHS = (
					"$(inherited)",
					"$(PROJECT_DIR)/Sodium",
					"$(PROJECT_DIR)/Sodium/libsodium",
					"$(PROJECT_DIR)/Sodium/libsodium-ios",
				);
				PRODUCT_BUNDLE_IDENTIFIER = "org.pureftpd.swiftodium.$(PRODUCT_NAME:rfc1034identifier)";
				PRODUCT_NAME = Sodium;
				PROVISIONING_PROFILE_SPECIFIER = "";
				SKIP_INSTALL = YES;
				SWIFT_INCLUDE_PATHS = "$(PROJECT_DIR)/Sodium $(PROJECT_DIR)/Sodium/libsodium";
				SWIFT_SWIFT3_OBJC_INFERENCE = Default;
				SWIFT_VERSION = 4.0;
				VALID_ARCHS = arm64;
			};
			name = Release;
		};
		901644D31AE36EA800163E3E /* Debug */ = {
			isa = XCBuildConfiguration;
			buildSettings = {
				ALWAYS_EMBED_SWIFT_STANDARD_LIBRARIES = YES;
				ASSETCATALOG_COMPILER_APPICON_NAME = AppIcon;
				DEBUG_INFORMATION_FORMAT = "dwarf-with-dsym";
				GCC_NO_COMMON_BLOCKS = YES;
				GCC_PREPROCESSOR_DEFINITIONS = (
					"DEBUG=1",
					"$(inherited)",
				);
				INFOPLIST_FILE = Examples/iOS/Info.plist;
				IPHONEOS_DEPLOYMENT_TARGET = 8.3;
				LD_RUNPATH_SEARCH_PATHS = "$(inherited) @executable_path/Frameworks";
				PRODUCT_BUNDLE_IDENTIFIER = "com.vucontacts.swiftodium.$(PRODUCT_NAME:rfc1034identifier)";
				PRODUCT_NAME = "$(TARGET_NAME)";
				SWIFT_VERSION = 4.0;
			};
			name = Debug;
		};
		901644D41AE36EA800163E3E /* Release */ = {
			isa = XCBuildConfiguration;
			buildSettings = {
				ALWAYS_EMBED_SWIFT_STANDARD_LIBRARIES = YES;
				ASSETCATALOG_COMPILER_APPICON_NAME = AppIcon;
				COPY_PHASE_STRIP = NO;
				DEBUG_INFORMATION_FORMAT = "dwarf-with-dsym";
				GCC_NO_COMMON_BLOCKS = YES;
				INFOPLIST_FILE = Examples/iOS/Info.plist;
				IPHONEOS_DEPLOYMENT_TARGET = 8.3;
				LD_RUNPATH_SEARCH_PATHS = "$(inherited) @executable_path/Frameworks";
				PRODUCT_BUNDLE_IDENTIFIER = "com.vucontacts.swiftodium.$(PRODUCT_NAME:rfc1034identifier)";
				PRODUCT_NAME = "$(TARGET_NAME)";
				SWIFT_VERSION = 4.0;
			};
			name = Release;
		};
/* End XCBuildConfiguration section */

/* Begin XCConfigurationList section */
		09A943C11A4EB5F500C8A04F /* Build configuration list for PBXProject "Sodium" */ = {
			isa = XCConfigurationList;
			buildConfigurations = (
				09A943DB1A4EB5F500C8A04F /* Debug */,
				09A943DC1A4EB5F500C8A04F /* Release */,
			);
			defaultConfigurationIsVisible = 0;
			defaultConfigurationName = Release;
		};
		09A943DD1A4EB5F500C8A04F /* Build configuration list for PBXNativeTarget "Sodium_iOS" */ = {
			isa = XCConfigurationList;
			buildConfigurations = (
				09A943DE1A4EB5F500C8A04F /* Debug */,
				09A943DF1A4EB5F500C8A04F /* Release */,
			);
			defaultConfigurationIsVisible = 0;
			defaultConfigurationName = Release;
		};
		901644D21AE36EA800163E3E /* Build configuration list for PBXNativeTarget "Example iOS" */ = {
			isa = XCConfigurationList;
			buildConfigurations = (
				901644D31AE36EA800163E3E /* Debug */,
				901644D41AE36EA800163E3E /* Release */,
			);
			defaultConfigurationIsVisible = 0;
			defaultConfigurationName = Release;
		};
/* End XCConfigurationList section */
	};
	rootObject = 09A943BE1A4EB5F500C8A04F /* Project object */;
}
